// !$*UTF8*$!
{
	archiveVersion = 1;
	classes = {
	};
	objectVersion = 46;
	objects = {

/* Begin PBXBuildFile section */
		700AD2C51CE9EADB001B1455 /* InnerNodeTest.swift in Sources */ = {isa = PBXBuildFile; fileRef = 700AD2C41CE9EADB001B1455 /* InnerNodeTest.swift */; };
		700AD2C71CEA243F001B1455 /* HtmlNodeTest.swift in Sources */ = {isa = PBXBuildFile; fileRef = 700AD2C61CEA243F001B1455 /* HtmlNodeTest.swift */; };
		700AD2C91CEA528E001B1455 /* StringTest.swift in Sources */ = {isa = PBXBuildFile; fileRef = 700AD2C81CEA528E001B1455 /* StringTest.swift */; };
		70B567F71CE65A0D00DC9C38 /* AppDelegate.swift in Sources */ = {isa = PBXBuildFile; fileRef = 70B567F61CE65A0D00DC9C38 /* AppDelegate.swift */; };
		70B567F91CE65A0D00DC9C38 /* FirstViewController.swift in Sources */ = {isa = PBXBuildFile; fileRef = 70B567F81CE65A0D00DC9C38 /* FirstViewController.swift */; };
		70B567FB1CE65A0D00DC9C38 /* SecondViewController.swift in Sources */ = {isa = PBXBuildFile; fileRef = 70B567FA1CE65A0D00DC9C38 /* SecondViewController.swift */; };
		70B567FE1CE65A0D00DC9C38 /* Main.storyboard in Resources */ = {isa = PBXBuildFile; fileRef = 70B567FC1CE65A0D00DC9C38 /* Main.storyboard */; };
		70B568001CE65A0D00DC9C38 /* Assets.xcassets in Resources */ = {isa = PBXBuildFile; fileRef = 70B567FF1CE65A0D00DC9C38 /* Assets.xcassets */; };
		70B568031CE65A0D00DC9C38 /* LaunchScreen.storyboard in Resources */ = {isa = PBXBuildFile; fileRef = 70B568011CE65A0D00DC9C38 /* LaunchScreen.storyboard */; };
		70B5681B1CE65A9400DC9C38 /* AbstractNode.swift in Sources */ = {isa = PBXBuildFile; fileRef = 70B5681A1CE65A9400DC9C38 /* AbstractNode.swift */; };
		70B568201CE65FFF00DC9C38 /* NodeCollection.swift in Sources */ = {isa = PBXBuildFile; fileRef = 70B5681F1CE65FFF00DC9C38 /* NodeCollection.swift */; };
		70B568221CE6600900DC9C38 /* HtmlNode.swift in Sources */ = {isa = PBXBuildFile; fileRef = 70B568211CE6600900DC9C38 /* HtmlNode.swift */; };
		70B568241CE6601400DC9C38 /* InnerNode.swift in Sources */ = {isa = PBXBuildFile; fileRef = 70B568231CE6601400DC9C38 /* InnerNode.swift */; };
		70B5682A1CE6602D00DC9C38 /* TextNode.swift in Sources */ = {isa = PBXBuildFile; fileRef = 70B568291CE6602D00DC9C38 /* TextNode.swift */; };
		70B5682C1CE6605600DC9C38 /* Tag.swift in Sources */ = {isa = PBXBuildFile; fileRef = 70B5682B1CE6605600DC9C38 /* Tag.swift */; };
		70B5682E1CE6606C00DC9C38 /* Dom.swift in Sources */ = {isa = PBXBuildFile; fileRef = 70B5682D1CE6606B00DC9C38 /* Dom.swift */; };
		70B568301CE6607500DC9C38 /* Selector.swift in Sources */ = {isa = PBXBuildFile; fileRef = 70B5682F1CE6607500DC9C38 /* Selector.swift */; };
		70B568321CE6608000DC9C38 /* StaticDom.swift in Sources */ = {isa = PBXBuildFile; fileRef = 70B568311CE6608000DC9C38 /* StaticDom.swift */; };
		70B568341CE6609100DC9C38 /* Content.swift in Sources */ = {isa = PBXBuildFile; fileRef = 70B568331CE6609100DC9C38 /* Content.swift */; };
		70B568381CE68C7500DC9C38 /* BaseTest.swift in Sources */ = {isa = PBXBuildFile; fileRef = 70B568371CE68C7500DC9C38 /* BaseTest.swift */; };
		70B5683A1CE68CA600DC9C38 /* DomTest.swift in Sources */ = {isa = PBXBuildFile; fileRef = 70B568391CE68CA600DC9C38 /* DomTest.swift */; };
		70B5683C1CE759ED00DC9C38 /* ContentTest.swift in Sources */ = {isa = PBXBuildFile; fileRef = 70B5683B1CE759ED00DC9C38 /* ContentTest.swift */; };
		70B5683F1CE77F6000DC9C38 /* TextTest.swift in Sources */ = {isa = PBXBuildFile; fileRef = 70B5683E1CE77F6000DC9C38 /* TextTest.swift */; };
		70B568411CE7820C00DC9C38 /* TagTest.swift in Sources */ = {isa = PBXBuildFile; fileRef = 70B568401CE7820C00DC9C38 /* TagTest.swift */; };
/* End PBXBuildFile section */

/* Begin PBXContainerItemProxy section */
		70B5680A1CE65A0D00DC9C38 /* PBXContainerItemProxy */ = {
			isa = PBXContainerItemProxy;
			containerPortal = 70B567EB1CE65A0D00DC9C38 /* Project object */;
			proxyType = 1;
			remoteGlobalIDString = 70B567F21CE65A0D00DC9C38;
			remoteInfo = HtmlParser;
		};
/* End PBXContainerItemProxy section */

/* Begin PBXFileReference section */
		700AD2C41CE9EADB001B1455 /* InnerNodeTest.swift */ = {isa = PBXFileReference; fileEncoding = 4; lastKnownFileType = sourcecode.swift; path = InnerNodeTest.swift; sourceTree = "<group>"; };
		700AD2C61CEA243F001B1455 /* HtmlNodeTest.swift */ = {isa = PBXFileReference; fileEncoding = 4; lastKnownFileType = sourcecode.swift; path = HtmlNodeTest.swift; sourceTree = "<group>"; };
		700AD2C81CEA528E001B1455 /* StringTest.swift */ = {isa = PBXFileReference; fileEncoding = 4; lastKnownFileType = sourcecode.swift; path = StringTest.swift; sourceTree = "<group>"; };
		70B567F31CE65A0D00DC9C38 /* HtmlParser.app */ = {isa = PBXFileReference; explicitFileType = wrapper.application; includeInIndex = 0; path = HtmlParser.app; sourceTree = BUILT_PRODUCTS_DIR; };
		70B567F61CE65A0D00DC9C38 /* AppDelegate.swift */ = {isa = PBXFileReference; lastKnownFileType = sourcecode.swift; path = AppDelegate.swift; sourceTree = "<group>"; };
		70B567F81CE65A0D00DC9C38 /* FirstViewController.swift */ = {isa = PBXFileReference; lastKnownFileType = sourcecode.swift; path = FirstViewController.swift; sourceTree = "<group>"; };
		70B567FA1CE65A0D00DC9C38 /* SecondViewController.swift */ = {isa = PBXFileReference; lastKnownFileType = sourcecode.swift; path = SecondViewController.swift; sourceTree = "<group>"; };
		70B567FD1CE65A0D00DC9C38 /* Base */ = {isa = PBXFileReference; lastKnownFileType = file.storyboard; name = Base; path = Base.lproj/Main.storyboard; sourceTree = "<group>"; };
		70B567FF1CE65A0D00DC9C38 /* Assets.xcassets */ = {isa = PBXFileReference; lastKnownFileType = folder.assetcatalog; path = Assets.xcassets; sourceTree = "<group>"; };
		70B568021CE65A0D00DC9C38 /* Base */ = {isa = PBXFileReference; lastKnownFileType = file.storyboard; name = Base; path = Base.lproj/LaunchScreen.storyboard; sourceTree = "<group>"; };
		70B568041CE65A0D00DC9C38 /* Info.plist */ = {isa = PBXFileReference; lastKnownFileType = text.plist.xml; path = Info.plist; sourceTree = "<group>"; };
		70B568091CE65A0D00DC9C38 /* HtmlParserTests.xctest */ = {isa = PBXFileReference; explicitFileType = wrapper.cfbundle; includeInIndex = 0; path = HtmlParserTests.xctest; sourceTree = BUILT_PRODUCTS_DIR; };
		70B5680F1CE65A0D00DC9C38 /* Info.plist */ = {isa = PBXFileReference; lastKnownFileType = text.plist.xml; path = Info.plist; sourceTree = "<group>"; };
		70B5681A1CE65A9400DC9C38 /* AbstractNode.swift */ = {isa = PBXFileReference; fileEncoding = 4; lastKnownFileType = sourcecode.swift; path = AbstractNode.swift; sourceTree = "<group>"; };
		70B5681F1CE65FFF00DC9C38 /* NodeCollection.swift */ = {isa = PBXFileReference; fileEncoding = 4; lastKnownFileType = sourcecode.swift; path = NodeCollection.swift; sourceTree = "<group>"; };
		70B568211CE6600900DC9C38 /* HtmlNode.swift */ = {isa = PBXFileReference; fileEncoding = 4; lastKnownFileType = sourcecode.swift; path = HtmlNode.swift; sourceTree = "<group>"; };
		70B568231CE6601400DC9C38 /* InnerNode.swift */ = {isa = PBXFileReference; fileEncoding = 4; lastKnownFileType = sourcecode.swift; path = InnerNode.swift; sourceTree = "<group>"; };
		70B568291CE6602D00DC9C38 /* TextNode.swift */ = {isa = PBXFileReference; fileEncoding = 4; lastKnownFileType = sourcecode.swift; path = TextNode.swift; sourceTree = "<group>"; };
		70B5682B1CE6605600DC9C38 /* Tag.swift */ = {isa = PBXFileReference; fileEncoding = 4; lastKnownFileType = sourcecode.swift; path = Tag.swift; sourceTree = "<group>"; };
		70B5682D1CE6606B00DC9C38 /* Dom.swift */ = {isa = PBXFileReference; fileEncoding = 4; lastKnownFileType = sourcecode.swift; path = Dom.swift; sourceTree = "<group>"; };
		70B5682F1CE6607500DC9C38 /* Selector.swift */ = {isa = PBXFileReference; fileEncoding = 4; lastKnownFileType = sourcecode.swift; path = Selector.swift; sourceTree = "<group>"; };
		70B568311CE6608000DC9C38 /* StaticDom.swift */ = {isa = PBXFileReference; fileEncoding = 4; lastKnownFileType = sourcecode.swift; path = StaticDom.swift; sourceTree = "<group>"; };
		70B568331CE6609100DC9C38 /* Content.swift */ = {isa = PBXFileReference; fileEncoding = 4; lastKnownFileType = sourcecode.swift; path = Content.swift; sourceTree = "<group>"; };
		70B568371CE68C7500DC9C38 /* BaseTest.swift */ = {isa = PBXFileReference; fileEncoding = 4; lastKnownFileType = sourcecode.swift; path = BaseTest.swift; sourceTree = "<group>"; };
		70B568391CE68CA600DC9C38 /* DomTest.swift */ = {isa = PBXFileReference; fileEncoding = 4; lastKnownFileType = sourcecode.swift; path = DomTest.swift; sourceTree = "<group>"; };
		70B5683B1CE759ED00DC9C38 /* ContentTest.swift */ = {isa = PBXFileReference; fileEncoding = 4; lastKnownFileType = sourcecode.swift; path = ContentTest.swift; sourceTree = "<group>"; };
		70B5683E1CE77F6000DC9C38 /* TextTest.swift */ = {isa = PBXFileReference; fileEncoding = 4; lastKnownFileType = sourcecode.swift; path = TextTest.swift; sourceTree = "<group>"; };
		70B568401CE7820C00DC9C38 /* TagTest.swift */ = {isa = PBXFileReference; fileEncoding = 4; lastKnownFileType = sourcecode.swift; path = TagTest.swift; sourceTree = "<group>"; };
/* End PBXFileReference section */

/* Begin PBXFrameworksBuildPhase section */
		70B567F01CE65A0D00DC9C38 /* Frameworks */ = {
			isa = PBXFrameworksBuildPhase;
			buildActionMask = 2147483647;
			files = (
			);
			runOnlyForDeploymentPostprocessing = 0;
		};
		70B568061CE65A0D00DC9C38 /* Frameworks */ = {
			isa = PBXFrameworksBuildPhase;
			buildActionMask = 2147483647;
			files = (
			);
			runOnlyForDeploymentPostprocessing = 0;
		};
/* End PBXFrameworksBuildPhase section */

/* Begin PBXGroup section */
		70B567EA1CE65A0D00DC9C38 = {
			isa = PBXGroup;
			children = (
				70B567F51CE65A0D00DC9C38 /* HtmlParser */,
				70B5680C1CE65A0D00DC9C38 /* HtmlParserTests */,
				70B567F41CE65A0D00DC9C38 /* Products */,
			);
			sourceTree = "<group>";
		};
		70B567F41CE65A0D00DC9C38 /* Products */ = {
			isa = PBXGroup;
			children = (
				70B567F31CE65A0D00DC9C38 /* HtmlParser.app */,
				70B568091CE65A0D00DC9C38 /* HtmlParserTests.xctest */,
			);
			name = Products;
			sourceTree = "<group>";
		};
		70B567F51CE65A0D00DC9C38 /* HtmlParser */ = {
			isa = PBXGroup;
			children = (
				70B568181CE65A5100DC9C38 /* Source */,
				70B567F61CE65A0D00DC9C38 /* AppDelegate.swift */,
				70B567F81CE65A0D00DC9C38 /* FirstViewController.swift */,
				70B567FA1CE65A0D00DC9C38 /* SecondViewController.swift */,
				70B567FC1CE65A0D00DC9C38 /* Main.storyboard */,
				70B567FF1CE65A0D00DC9C38 /* Assets.xcassets */,
				70B568011CE65A0D00DC9C38 /* LaunchScreen.storyboard */,
				70B568041CE65A0D00DC9C38 /* Info.plist */,
			);
			path = HtmlParser;
			sourceTree = "<group>";
		};
		70B5680C1CE65A0D00DC9C38 /* HtmlParserTests */ = {
			isa = PBXGroup;
			children = (
				70B5680F1CE65A0D00DC9C38 /* Info.plist */,
				70B568371CE68C7500DC9C38 /* BaseTest.swift */,
				70B568391CE68CA600DC9C38 /* DomTest.swift */,
				70B5683B1CE759ED00DC9C38 /* ContentTest.swift */,
				70B5683E1CE77F6000DC9C38 /* TextTest.swift */,
				70B568401CE7820C00DC9C38 /* TagTest.swift */,
				700AD2C41CE9EADB001B1455 /* InnerNodeTest.swift */,
				700AD2C61CEA243F001B1455 /* HtmlNodeTest.swift */,
				700AD2C81CEA528E001B1455 /* StringTest.swift */,
			);
			path = HtmlParserTests;
			sourceTree = "<group>";
		};
		70B568181CE65A5100DC9C38 /* Source */ = {
			isa = PBXGroup;
			children = (
				70B568191CE65A6100DC9C38 /* Dom */,
				70B5682D1CE6606B00DC9C38 /* Dom.swift */,
				70B5682F1CE6607500DC9C38 /* Selector.swift */,
				70B568311CE6608000DC9C38 /* StaticDom.swift */,
				70B568331CE6609100DC9C38 /* Content.swift */,
			);
			path = Source;
			sourceTree = "<group>";
		};
		70B568191CE65A6100DC9C38 /* Dom */ = {
			isa = PBXGroup;
			children = (
				70B5681A1CE65A9400DC9C38 /* AbstractNode.swift */,
				70B5681F1CE65FFF00DC9C38 /* NodeCollection.swift */,
				70B568211CE6600900DC9C38 /* HtmlNode.swift */,
				70B568231CE6601400DC9C38 /* InnerNode.swift */,
				70B568291CE6602D00DC9C38 /* TextNode.swift */,
				70B5682B1CE6605600DC9C38 /* Tag.swift */,
			);
			path = Dom;
			sourceTree = "<group>";
		};
/* End PBXGroup section */

/* Begin PBXNativeTarget section */
		70B567F21CE65A0D00DC9C38 /* HtmlParser */ = {
			isa = PBXNativeTarget;
			buildConfigurationList = 70B568121CE65A0D00DC9C38 /* Build configuration list for PBXNativeTarget "HtmlParser" */;
			buildPhases = (
				70B567EF1CE65A0D00DC9C38 /* Sources */,
				70B567F01CE65A0D00DC9C38 /* Frameworks */,
				70B567F11CE65A0D00DC9C38 /* Resources */,
			);
			buildRules = (
			);
			dependencies = (
			);
			name = HtmlParser;
			productName = HtmlParser;
			productReference = 70B567F31CE65A0D00DC9C38 /* HtmlParser.app */;
			productType = "com.apple.product-type.application";
		};
		70B568081CE65A0D00DC9C38 /* HtmlParserTests */ = {
			isa = PBXNativeTarget;
			buildConfigurationList = 70B568151CE65A0D00DC9C38 /* Build configuration list for PBXNativeTarget "HtmlParserTests" */;
			buildPhases = (
				70B568051CE65A0D00DC9C38 /* Sources */,
				70B568061CE65A0D00DC9C38 /* Frameworks */,
				70B568071CE65A0D00DC9C38 /* Resources */,
			);
			buildRules = (
			);
			dependencies = (
				70B5680B1CE65A0D00DC9C38 /* PBXTargetDependency */,
			);
			name = HtmlParserTests;
			productName = HtmlParserTests;
			productReference = 70B568091CE65A0D00DC9C38 /* HtmlParserTests.xctest */;
			productType = "com.apple.product-type.bundle.unit-test";
		};
/* End PBXNativeTarget section */

/* Begin PBXProject section */
		70B567EB1CE65A0D00DC9C38 /* Project object */ = {
			isa = PBXProject;
			attributes = {
				LastSwiftUpdateCheck = 0730;
				LastUpgradeCheck = 0730;
				ORGANIZATIONNAME = lzwjava;
				TargetAttributes = {
					70B567F21CE65A0D00DC9C38 = {
						CreatedOnToolsVersion = 7.3.1;
					};
					70B568081CE65A0D00DC9C38 = {
						CreatedOnToolsVersion = 7.3.1;
						TestTargetID = 70B567F21CE65A0D00DC9C38;
					};
				};
			};
			buildConfigurationList = 70B567EE1CE65A0D00DC9C38 /* Build configuration list for PBXProject "HtmlParser" */;
			compatibilityVersion = "Xcode 3.2";
			developmentRegion = English;
			hasScannedForEncodings = 0;
			knownRegions = (
				en,
				Base,
			);
			mainGroup = 70B567EA1CE65A0D00DC9C38;
			productRefGroup = 70B567F41CE65A0D00DC9C38 /* Products */;
			projectDirPath = "";
			projectRoot = "";
			targets = (
				70B567F21CE65A0D00DC9C38 /* HtmlParser */,
				70B568081CE65A0D00DC9C38 /* HtmlParserTests */,
			);
		};
/* End PBXProject section */

/* Begin PBXResourcesBuildPhase section */
		70B567F11CE65A0D00DC9C38 /* Resources */ = {
			isa = PBXResourcesBuildPhase;
			buildActionMask = 2147483647;
			files = (
				70B568031CE65A0D00DC9C38 /* LaunchScreen.storyboard in Resources */,
				70B568001CE65A0D00DC9C38 /* Assets.xcassets in Resources */,
				70B567FE1CE65A0D00DC9C38 /* Main.storyboard in Resources */,
			);
			runOnlyForDeploymentPostprocessing = 0;
		};
		70B568071CE65A0D00DC9C38 /* Resources */ = {
			isa = PBXResourcesBuildPhase;
			buildActionMask = 2147483647;
			files = (
			);
			runOnlyForDeploymentPostprocessing = 0;
		};
/* End PBXResourcesBuildPhase section */

/* Begin PBXSourcesBuildPhase section */
		70B567EF1CE65A0D00DC9C38 /* Sources */ = {
			isa = PBXSourcesBuildPhase;
			buildActionMask = 2147483647;
			files = (
				70B5682C1CE6605600DC9C38 /* Tag.swift in Sources */,
				70B567FB1CE65A0D00DC9C38 /* SecondViewController.swift in Sources */,
				70B568321CE6608000DC9C38 /* StaticDom.swift in Sources */,
				70B568341CE6609100DC9C38 /* Content.swift in Sources */,
				70B568221CE6600900DC9C38 /* HtmlNode.swift in Sources */,
				70B5682E1CE6606C00DC9C38 /* Dom.swift in Sources */,
				70B5682A1CE6602D00DC9C38 /* TextNode.swift in Sources */,
				70B568301CE6607500DC9C38 /* Selector.swift in Sources */,
				70B567F71CE65A0D00DC9C38 /* AppDelegate.swift in Sources */,
				70B567F91CE65A0D00DC9C38 /* FirstViewController.swift in Sources */,
				70B568241CE6601400DC9C38 /* InnerNode.swift in Sources */,
				70B568201CE65FFF00DC9C38 /* NodeCollection.swift in Sources */,
				70B5681B1CE65A9400DC9C38 /* AbstractNode.swift in Sources */,
			);
			runOnlyForDeploymentPostprocessing = 0;
		};
		70B568051CE65A0D00DC9C38 /* Sources */ = {
			isa = PBXSourcesBuildPhase;
			buildActionMask = 2147483647;
			files = (
				700AD2C71CEA243F001B1455 /* HtmlNodeTest.swift in Sources */,
				70B5683A1CE68CA600DC9C38 /* DomTest.swift in Sources */,
				700AD2C91CEA528E001B1455 /* StringTest.swift in Sources */,
				70B5683F1CE77F6000DC9C38 /* TextTest.swift in Sources */,
				700AD2C51CE9EADB001B1455 /* InnerNodeTest.swift in Sources */,
				70B568411CE7820C00DC9C38 /* TagTest.swift in Sources */,
				70B568381CE68C7500DC9C38 /* BaseTest.swift in Sources */,
				70B5683C1CE759ED00DC9C38 /* ContentTest.swift in Sources */,
			);
			runOnlyForDeploymentPostprocessing = 0;
		};
/* End PBXSourcesBuildPhase section */

/* Begin PBXTargetDependency section */
		70B5680B1CE65A0D00DC9C38 /* PBXTargetDependency */ = {
			isa = PBXTargetDependency;
			target = 70B567F21CE65A0D00DC9C38 /* HtmlParser */;
			targetProxy = 70B5680A1CE65A0D00DC9C38 /* PBXContainerItemProxy */;
		};
/* End PBXTargetDependency section */

/* Begin PBXVariantGroup section */
		70B567FC1CE65A0D00DC9C38 /* Main.storyboard */ = {
			isa = PBXVariantGroup;
			children = (
				70B567FD1CE65A0D00DC9C38 /* Base */,
			);
			name = Main.storyboard;
			sourceTree = "<group>";
		};
		70B568011CE65A0D00DC9C38 /* LaunchScreen.storyboard */ = {
			isa = PBXVariantGroup;
			children = (
				70B568021CE65A0D00DC9C38 /* Base */,
			);
			name = LaunchScreen.storyboard;
			sourceTree = "<group>";
		};
/* End PBXVariantGroup section */

/* Begin XCBuildConfiguration section */
		70B568101CE65A0D00DC9C38 /* Debug */ = {
			isa = XCBuildConfiguration;
			buildSettings = {
				ALWAYS_SEARCH_USER_PATHS = NO;
				CLANG_ANALYZER_NONNULL = YES;
				CLANG_CXX_LANGUAGE_STANDARD = "gnu++0x";
				CLANG_CXX_LIBRARY = "libc++";
				CLANG_ENABLE_MODULES = YES;
				CLANG_ENABLE_OBJC_ARC = YES;
				CLANG_WARN_BOOL_CONVERSION = YES;
				CLANG_WARN_CONSTANT_CONVERSION = YES;
				CLANG_WARN_DIRECT_OBJC_ISA_USAGE = YES_ERROR;
				CLANG_WARN_EMPTY_BODY = YES;
				CLANG_WARN_ENUM_CONVERSION = YES;
				CLANG_WARN_INT_CONVERSION = YES;
				CLANG_WARN_OBJC_ROOT_CLASS = YES_ERROR;
				CLANG_WARN_UNREACHABLE_CODE = YES;
				CLANG_WARN__DUPLICATE_METHOD_MATCH = YES;
				"CODE_SIGN_IDENTITY[sdk=iphoneos*]" = "iPhone Developer";
				COPY_PHASE_STRIP = NO;
				DEBUG_INFORMATION_FORMAT = dwarf;
				ENABLE_STRICT_OBJC_MSGSEND = YES;
				ENABLE_TESTABILITY = YES;
				GCC_C_LANGUAGE_STANDARD = gnu99;
				GCC_DYNAMIC_NO_PIC = NO;
				GCC_NO_COMMON_BLOCKS = YES;
				GCC_OPTIMIZATION_LEVEL = 0;
				GCC_PREPROCESSOR_DEFINITIONS = (
					"DEBUG=1",
					"$(inherited)",
				);
				GCC_WARN_64_TO_32_BIT_CONVERSION = YES;
				GCC_WARN_ABOUT_RETURN_TYPE = YES_ERROR;
				GCC_WARN_UNDECLARED_SELECTOR = YES;
				GCC_WARN_UNINITIALIZED_AUTOS = YES_AGGRESSIVE;
				GCC_WARN_UNUSED_FUNCTION = YES;
				GCC_WARN_UNUSED_VARIABLE = YES;
				IPHONEOS_DEPLOYMENT_TARGET = 9.3;
				MTL_ENABLE_DEBUG_INFO = YES;
				ONLY_ACTIVE_ARCH = YES;
				SDKROOT = iphoneos;
				SWIFT_OPTIMIZATION_LEVEL = "-Onone";
			};
			name = Debug;
		};
		70B568111CE65A0D00DC9C38 /* Release */ = {
			isa = XCBuildConfiguration;
			buildSettings = {
				ALWAYS_SEARCH_USER_PATHS = NO;
				CLANG_ANALYZER_NONNULL = YES;
				CLANG_CXX_LANGUAGE_STANDARD = "gnu++0x";
				CLANG_CXX_LIBRARY = "libc++";
				CLANG_ENABLE_MODULES = YES;
				CLANG_ENABLE_OBJC_ARC = YES;
				CLANG_WARN_BOOL_CONVERSION = YES;
				CLANG_WARN_CONSTANT_CONVERSION = YES;
				CLANG_WARN_DIRECT_OBJC_ISA_USAGE = YES_ERROR;
				CLANG_WARN_EMPTY_BODY = YES;
				CLANG_WARN_ENUM_CONVERSION = YES;
				CLANG_WARN_INT_CONVERSION = YES;
				CLANG_WARN_OBJC_ROOT_CLASS = YES_ERROR;
				CLANG_WARN_UNREACHABLE_CODE = YES;
				CLANG_WARN__DUPLICATE_METHOD_MATCH = YES;
				"CODE_SIGN_IDENTITY[sdk=iphoneos*]" = "iPhone Developer";
				COPY_PHASE_STRIP = NO;
				DEBUG_INFORMATION_FORMAT = "dwarf-with-dsym";
				ENABLE_NS_ASSERTIONS = NO;
				ENABLE_STRICT_OBJC_MSGSEND = YES;
				GCC_C_LANGUAGE_STANDARD = gnu99;
				GCC_NO_COMMON_BLOCKS = YES;
				GCC_WARN_64_TO_32_BIT_CONVERSION = YES;
				GCC_WARN_ABOUT_RETURN_TYPE = YES_ERROR;
				GCC_WARN_UNDECLARED_SELECTOR = YES;
				GCC_WARN_UNINITIALIZED_AUTOS = YES_AGGRESSIVE;
				GCC_WARN_UNUSED_FUNCTION = YES;
				GCC_WARN_UNUSED_VARIABLE = YES;
				IPHONEOS_DEPLOYMENT_TARGET = 9.3;
				MTL_ENABLE_DEBUG_INFO = NO;
				SDKROOT = iphoneos;
				VALIDATE_PRODUCT = YES;
			};
			name = Release;
		};
		70B568131CE65A0D00DC9C38 /* Debug */ = {
			isa = XCBuildConfiguration;
			buildSettings = {
				ASSETCATALOG_COMPILER_APPICON_NAME = AppIcon;
				INFOPLIST_FILE = HtmlParser/Info.plist;
				LD_RUNPATH_SEARCH_PATHS = "$(inherited) @executable_path/Frameworks";
				PRODUCT_BUNDLE_IDENTIFIER = com.lzw.HtmlParser;
				PRODUCT_NAME = "$(TARGET_NAME)";
			};
			name = Debug;
		};
		70B568141CE65A0D00DC9C38 /* Release */ = {
			isa = XCBuildConfiguration;
			buildSettings = {
				ASSETCATALOG_COMPILER_APPICON_NAME = AppIcon;
				INFOPLIST_FILE = HtmlParser/Info.plist;
				LD_RUNPATH_SEARCH_PATHS = "$(inherited) @executable_path/Frameworks";
				PRODUCT_BUNDLE_IDENTIFIER = com.lzw.HtmlParser;
				PRODUCT_NAME = "$(TARGET_NAME)";
			};
			name = Release;
		};
		70B568161CE65A0D00DC9C38 /* Debug */ = {
			isa = XCBuildConfiguration;
			buildSettings = {
				BUNDLE_LOADER = "$(TEST_HOST)";
				INFOPLIST_FILE = HtmlParserTests/Info.plist;
				LD_RUNPATH_SEARCH_PATHS = "$(inherited) @executable_path/Frameworks @loader_path/Frameworks";
				PRODUCT_BUNDLE_IDENTIFIER = com.lzw.HtmlParserTests;
				PRODUCT_NAME = "$(TARGET_NAME)";
				TEST_HOST = "$(BUILT_PRODUCTS_DIR)/HtmlParser.app/HtmlParser";
			};
			name = Debug;
		};
		70B568171CE65A0D00DC9C38 /* Release */ = {
			isa = XCBuildConfiguration;
			buildSettings = {
				BUNDLE_LOADER = "$(TEST_HOST)";
				INFOPLIST_FILE = HtmlParserTests/Info.plist;
				LD_RUNPATH_SEARCH_PATHS = "$(inherited) @executable_path/Frameworks @loader_path/Frameworks";
				PRODUCT_BUNDLE_IDENTIFIER = com.lzw.HtmlParserTests;
				PRODUCT_NAME = "$(TARGET_NAME)";
				TEST_HOST = "$(BUILT_PRODUCTS_DIR)/HtmlParser.app/HtmlParser";
			};
			name = Release;
		};
/* End XCBuildConfiguration section */

/* Begin XCConfigurationList section */
		70B567EE1CE65A0D00DC9C38 /* Build configuration list for PBXProject "HtmlParser" */ = {
			isa = XCConfigurationList;
			buildConfigurations = (
				70B568101CE65A0D00DC9C38 /* Debug */,
				70B568111CE65A0D00DC9C38 /* Release */,
			);
			defaultConfigurationIsVisible = 0;
			defaultConfigurationName = Release;
		};
		70B568121CE65A0D00DC9C38 /* Build configuration list for PBXNativeTarget "HtmlParser" */ = {
			isa = XCConfigurationList;
			buildConfigurations = (
				70B568131CE65A0D00DC9C38 /* Debug */,
				70B568141CE65A0D00DC9C38 /* Release */,
			);
			defaultConfigurationIsVisible = 0;
			defaultConfigurationName = Release;
		};
		70B568151CE65A0D00DC9C38 /* Build configuration list for PBXNativeTarget "HtmlParserTests" */ = {
			isa = XCConfigurationList;
			buildConfigurations = (
				70B568161CE65A0D00DC9C38 /* Debug */,
				70B568171CE65A0D00DC9C38 /* Release */,
			);
			defaultConfigurationIsVisible = 0;
			defaultConfigurationName = Release;
		};
/* End XCConfigurationList section */
	};
	rootObject = 70B567EB1CE65A0D00DC9C38 /* Project object */;
}
